Microsoft Visual Studio Solution File, Format Version 7.00
Project("{FAE04EC0-301F-11D3-BF4B-00C04F79EFBC}") = "Chess", "Chess.csproj", "{E9FF507A-CF3B-41FE-BD43-F7F213AB7843}"
EndProject
Global
	GlobalSection(SolutionConfiguration) = preSolution
		ConfigName.0 = Debug
		ConfigName.1 = Release
	EndGlobalSection
	GlobalSection(ProjectDependencies) = postSolution
	EndGlobalSection
	GlobalSection(ProjectConfiguration) = postSolution
		{E9FF507A-CF3B-41FE-BD43-F7F213AB7843}.Debug.ActiveCfg = Debug|.NET
		{E9FF507A-CF3B-41FE-BD43-F7F213AB7843}.Debug.Build.0 = Debug|.NET
		{E9FF507A-CF3B-41FE-BD43-F7F213AB7843}.Release.ActiveCfg = Release|.NET
		{E9FF507A-CF3B-41FE-BD43-F7F213AB7843}.Release.Build.0 = Release|.NET
	EndGlobalSection
	GlobalSection(ExtensibilityGlobals) = postSolution
	EndGlobalSection
	GlobalSection(ExtensibilityAddIns) = postSolution
	EndGlobalSection
EndGlobal
